
Microsoft Visual Studio Solution File, Format Version 12.00
# Visual Studio Version 17
VisualStudioVersion = 17.8.34330.188
MinimumVisualStudioVersion = 10.0.40219.1
Project("{9A19103F-16F7-4668-BE54-9A1E7A4F7556}") = "01_processes", "01_processes\01_processes.csproj", "{E264023C-C9BE-4F0A-BCD0-242B3415118E}"
EndProject
Project("{9A19103F-16F7-4668-BE54-9A1E7A4F7556}") = "02_threads", "02_threads\02_threads.csproj", "{1973D7D9-D5B1-4EC1-9979-39D26F65EF7C}"
EndProject
Project("{9A19103F-16F7-4668-BE54-9A1E7A4F7556}") = "03_thread_sincronization", "03_thread_sincronization\03_thread_sincronization.csproj", "{625031C5-A820-40B2-8965-25C72C70C9DB}"
EndProject
Project("{9A19103F-16F7-4668-BE54-9A1E7A4F7556}") = "04_tasks", "04_tasks\04_tasks.csproj", "{88A9D527-C8A7-4915-8BB5-455F09355E19}"
EndProject
Project("{FAE04EC0-301F-11D3-BF4B-00C04F79EFBC}") = "05_async_await", "05_async_await\05_async_await.csproj", "{610489BF-B62D-4ECF-B4EA-B46A793F12F1}"
EndProject
Global
	GlobalSection(SolutionConfigurationPlatforms) = preSolution
		Debug|Any CPU = Debug|Any CPU
		Release|Any CPU = Release|Any CPU
	EndGlobalSection
	GlobalSection(ProjectConfigurationPlatforms) = postSolution
		{E264023C-C9BE-4F0A-BCD0-242B3415118E}.Debug|Any CPU.ActiveCfg = Debug|Any CPU
		{E264023C-C9BE-4F0A-BCD0-242B3415118E}.Debug|Any CPU.Build.0 = Debug|Any CPU
		{E264023C-C9BE-4F0A-BCD0-242B3415118E}.Release|Any CPU.ActiveCfg = Release|Any CPU
		{E264023C-C9BE-4F0A-BCD0-242B3415118E}.Release|Any CPU.Build.0 = Release|Any CPU
		{1973D7D9-D5B1-4EC1-9979-39D26F65EF7C}.Debug|Any CPU.ActiveCfg = Debug|Any CPU
		{1973D7D9-D5B1-4EC1-9979-39D26F65EF7C}.Debug|Any CPU.Build.0 = Debug|Any CPU
		{1973D7D9-D5B1-4EC1-9979-39D26F65EF7C}.Release|Any CPU.ActiveCfg = Release|Any CPU
		{1973D7D9-D5B1-4EC1-9979-39D26F65EF7C}.Release|Any CPU.Build.0 = Release|Any CPU
		{625031C5-A820-40B2-8965-25C72C70C9DB}.Debug|Any CPU.ActiveCfg = Debug|Any CPU
		{625031C5-A820-40B2-8965-25C72C70C9DB}.Debug|Any CPU.Build.0 = Debug|Any CPU
		{625031C5-A820-40B2-8965-25C72C70C9DB}.Release|Any CPU.ActiveCfg = Release|Any CPU
		{625031C5-A820-40B2-8965-25C72C70C9DB}.Release|Any CPU.Build.0 = Release|Any CPU
		{88A9D527-C8A7-4915-8BB5-455F09355E19}.Debug|Any CPU.ActiveCfg = Debug|Any CPU
		{88A9D527-C8A7-4915-8BB5-455F09355E19}.Debug|Any CPU.Build.0 = Debug|Any CPU
		{88A9D527-C8A7-4915-8BB5-455F09355E19}.Release|Any CPU.ActiveCfg = Release|Any CPU
		{88A9D527-C8A7-4915-8BB5-455F09355E19}.Release|Any CPU.Build.0 = Release|Any CPU
		{610489BF-B62D-4ECF-B4EA-B46A793F12F1}.Debug|Any CPU.ActiveCfg = Debug|Any CPU
		{610489BF-B62D-4ECF-B4EA-B46A793F12F1}.Debug|Any CPU.Build.0 = Debug|Any CPU
		{610489BF-B62D-4ECF-B4EA-B46A793F12F1}.Release|Any CPU.ActiveCfg = Release|Any CPU
		{610489BF-B62D-4ECF-B4EA-B46A793F12F1}.Release|Any CPU.Build.0 = Release|Any CPU
	EndGlobalSection
	GlobalSection(SolutionProperties) = preSolution
		HideSolutionNode = FALSE
	EndGlobalSection
	GlobalSection(ExtensibilityGlobals) = postSolution
		SolutionGuid = {4E56CE95-B1E0-4161-B6BD-DD77C1741548}
	EndGlobalSection
EndGlobal
